
Microsoft Visual Studio Solution File, Format Version 12.00
# Visual Studio Version 17
VisualStudioVersion = 17.1.32210.238
MinimumVisualStudioVersion = 10.0.40219.1
Project("{9A19103F-16F7-4668-BE54-9A1E7A4F7556}") = "MasterRecipes.Domain", "MasterRecipes.Domain\MasterRecipes.Domain.csproj", "{9831DC5F-FBB2-496C-8C23-B3C7018EC126}"
EndProject
Project("{9A19103F-16F7-4668-BE54-9A1E7A4F7556}") = "MasterRecipes.Data", "MasterRecipes.Persistence\MasterRecipes.Data.csproj", "{40192581-3600-4E26-8A22-06BFAA974C84}"
EndProject
Project("{9A19103F-16F7-4668-BE54-9A1E7A4F7556}") = "MasterRecipes.Infra", "MasterRecipes.Infra\MasterRecipes.Infra.csproj", "{4FFCB537-BAA2-400B-9CBF-279795ADAE05}"
EndProject
Project("{9A19103F-16F7-4668-BE54-9A1E7A4F7556}") = "MasterRecipes.Application", "MasterRecipes.Application\MasterRecipes.Application.csproj", "{9DF42FDF-5B95-479F-8B5E-09246C04A648}"
EndProject
Project("{2150E333-8FDC-42A3-9474-1A3956D46DE8}") = "Presentation", "Presentation", "{FE4EBC29-B4C5-40A1-86CA-24BC6276E244}"
EndProject
Project("{9A19103F-16F7-4668-BE54-9A1E7A4F7556}") = "MasterRecipes.Web", "MasterRecipes.Web\MasterRecipes.Web.csproj", "{D03131D6-D81B-4095-85D4-BDC1E53FE3C8}"
EndProject
Project("{9A19103F-16F7-4668-BE54-9A1E7A4F7556}") = "MasterRecipes.IoC", "MasterRecipes.IoC\MasterRecipes.IoC.csproj", "{17AA0FE0-EA38-46FD-BB8B-CBD61B400ABE}"
EndProject
Global
	GlobalSection(SolutionConfigurationPlatforms) = preSolution
		Debug|Any CPU = Debug|Any CPU
		Release|Any CPU = Release|Any CPU
	EndGlobalSection
	GlobalSection(ProjectConfigurationPlatforms) = postSolution
		{9831DC5F-FBB2-496C-8C23-B3C7018EC126}.Debug|Any CPU.ActiveCfg = Debug|Any CPU
		{9831DC5F-FBB2-496C-8C23-B3C7018EC126}.Debug|Any CPU.Build.0 = Debug|Any CPU
		{9831DC5F-FBB2-496C-8C23-B3C7018EC126}.Release|Any CPU.ActiveCfg = Release|Any CPU
		{9831DC5F-FBB2-496C-8C23-B3C7018EC126}.Release|Any CPU.Build.0 = Release|Any CPU
		{40192581-3600-4E26-8A22-06BFAA974C84}.Debug|Any CPU.ActiveCfg = Debug|Any CPU
		{40192581-3600-4E26-8A22-06BFAA974C84}.Debug|Any CPU.Build.0 = Debug|Any CPU
		{40192581-3600-4E26-8A22-06BFAA974C84}.Release|Any CPU.ActiveCfg = Release|Any CPU
		{40192581-3600-4E26-8A22-06BFAA974C84}.Release|Any CPU.Build.0 = Release|Any CPU
		{4FFCB537-BAA2-400B-9CBF-279795ADAE05}.Debug|Any CPU.ActiveCfg = Debug|Any CPU
		{4FFCB537-BAA2-400B-9CBF-279795ADAE05}.Debug|Any CPU.Build.0 = Debug|Any CPU
		{4FFCB537-BAA2-400B-9CBF-279795ADAE05}.Release|Any CPU.ActiveCfg = Release|Any CPU
		{4FFCB537-BAA2-400B-9CBF-279795ADAE05}.Release|Any CPU.Build.0 = Release|Any CPU
		{9DF42FDF-5B95-479F-8B5E-09246C04A648}.Debug|Any CPU.ActiveCfg = Debug|Any CPU
		{9DF42FDF-5B95-479F-8B5E-09246C04A648}.Debug|Any CPU.Build.0 = Debug|Any CPU
		{9DF42FDF-5B95-479F-8B5E-09246C04A648}.Release|Any CPU.ActiveCfg = Release|Any CPU
		{9DF42FDF-5B95-479F-8B5E-09246C04A648}.Release|Any CPU.Build.0 = Release|Any CPU
		{D03131D6-D81B-4095-85D4-BDC1E53FE3C8}.Debug|Any CPU.ActiveCfg = Debug|Any CPU
		{D03131D6-D81B-4095-85D4-BDC1E53FE3C8}.Debug|Any CPU.Build.0 = Debug|Any CPU
		{D03131D6-D81B-4095-85D4-BDC1E53FE3C8}.Release|Any CPU.ActiveCfg = Release|Any CPU
		{D03131D6-D81B-4095-85D4-BDC1E53FE3C8}.Release|Any CPU.Build.0 = Release|Any CPU
		{17AA0FE0-EA38-46FD-BB8B-CBD61B400ABE}.Debug|Any CPU.ActiveCfg = Debug|Any CPU
		{17AA0FE0-EA38-46FD-BB8B-CBD61B400ABE}.Debug|Any CPU.Build.0 = Debug|Any CPU
		{17AA0FE0-EA38-46FD-BB8B-CBD61B400ABE}.Release|Any CPU.ActiveCfg = Release|Any CPU
		{17AA0FE0-EA38-46FD-BB8B-CBD61B400ABE}.Release|Any CPU.Build.0 = Release|Any CPU
	EndGlobalSection
	GlobalSection(SolutionProperties) = preSolution
		HideSolutionNode = FALSE
	EndGlobalSection
	GlobalSection(NestedProjects) = preSolution
		{D03131D6-D81B-4095-85D4-BDC1E53FE3C8} = {FE4EBC29-B4C5-40A1-86CA-24BC6276E244}
	EndGlobalSection
	GlobalSection(ExtensibilityGlobals) = postSolution
		SolutionGuid = {1C455DE9-10CD-4CCD-9B2C-9F5328F16164}
	EndGlobalSection
EndGlobal
